
Microsoft Visual Studio Solution File, Format Version 12.00
# Visual Studio Version 17
VisualStudioVersion = 17.3.32811.315
MinimumVisualStudioVersion = 10.0.40219.1
Project("{FAE04EC0-301F-11D3-BF4B-00C04F79EFBC}") = "Fabiyan Airlangga", "Fabiyan Airlangga\Fabiyan Airlangga.csproj", "{1F26EADE-300E-4068-8447-2FD9EE3C72E0}"
EndProject
Global
	GlobalSection(SolutionConfigurationPlatforms) = preSolution
		Debug|Any CPU = Debug|Any CPU
		Release|Any CPU = Release|Any CPU
	EndGlobalSection
	GlobalSection(ProjectConfigurationPlatforms) = postSolution
		{1F26EADE-300E-4068-8447-2FD9EE3C72E0}.Debug|Any CPU.ActiveCfg = Debug|Any CPU
		{1F26EADE-300E-4068-8447-2FD9EE3C72E0}.Debug|Any CPU.Build.0 = Debug|Any CPU
		{1F26EADE-300E-4068-8447-2FD9EE3C72E0}.Release|Any CPU.ActiveCfg = Release|Any CPU
		{1F26EADE-300E-4068-8447-2FD9EE3C72E0}.Release|Any CPU.Build.0 = Release|Any CPU
	EndGlobalSection
	GlobalSection(SolutionProperties) = preSolution
		HideSolutionNode = FALSE
	EndGlobalSection
	GlobalSection(ExtensibilityGlobals) = postSolution
		SolutionGuid = {FC17D5EA-A49E-43BD-8C36-C2E1469F96AB}
	EndGlobalSection
EndGlobal
